
Microsoft Visual Studio Solution File, Format Version 12.00
# Visual Studio Version 17
VisualStudioVersion = 17.4.33205.214
MinimumVisualStudioVersion = 10.0.40219.1
Project("{9A19103F-16F7-4668-BE54-9A1E7A4F7556}") = "ADONETLesson1", "ADONETLesson1\ADONETLesson1.csproj", "{DED60F88-9C2D-4980-A28A-CE790E9BB51C}"
EndProject
Project("{9A19103F-16F7-4668-BE54-9A1E7A4F7556}") = "ADONETLesson2", "ADONETLesson2\ADONETLesson2.csproj", "{D76799ED-07CD-468F-89EA-FBA39F0D8CBE}"
EndProject
Project("{9A19103F-16F7-4668-BE54-9A1E7A4F7556}") = "ADONETLesson3", "ADONETLesson3\ADONETLesson3.csproj", "{15A3F3C3-C1F3-4401-9033-357D6B6B77BD}"
EndProject
Project("{9A19103F-16F7-4668-BE54-9A1E7A4F7556}") = "ADONETLesson4_AsyncAndAwait", "ADONETLesson4_AsyncAndAwait\ADONETLesson4_AsyncAndAwait.csproj", "{E8D31D7C-8719-4608-8E9C-6FEFA1ADC65B}"
EndProject
Project("{9A19103F-16F7-4668-BE54-9A1E7A4F7556}") = "ADONETLesson4_ClassicAsynchronous", "ADONETLesson4_ClassicAsynchronous\ADONETLesson4_ClassicAsynchronous.csproj", "{2EE4C0D6-E069-4FA1-A66D-DD248C61F820}"
EndProject
Project("{9A19103F-16F7-4668-BE54-9A1E7A4F7556}") = "Lesson5_LinqToObjects", "Lesson5_LinqToObjects\Lesson5_LinqToObjects.csproj", "{AF016363-77E8-4103-BC20-B2123A0E203B}"
EndProject
Project("{9A19103F-16F7-4668-BE54-9A1E7A4F7556}") = "Lesson5_LinqToXML", "Lesson5_LinqToXML\Lesson5_LinqToXML.csproj", "{9908F0CD-DB13-480B-896D-1581FC4A1C15}"
EndProject
Project("{FAE04EC0-301F-11D3-BF4B-00C04F79EFBC}") = "Lesson5_LinqToSQL", "Lesson5_LinqToSQL\Lesson5_LinqToSQL.csproj", "{70D789A1-38AC-4880-B348-7BC64F6631D7}"
EndProject
Project("{9A19103F-16F7-4668-BE54-9A1E7A4F7556}") = "Lesson6_Practise", "Lesson6_Practise\Lesson6_Practise.csproj", "{48C43975-88A2-4AC5-8821-CE56EBB446E5}"
EndProject
Project("{9A19103F-16F7-4668-BE54-9A1E7A4F7556}") = "Lesson7_EntityFrameworkCore_CodeFirst", "Lesson7_EntityFrameworkCore_CodeFirst\Lesson7_EntityFrameworkCore_CodeFirst.csproj", "{0AC2AAC0-C2A5-4462-B7B8-60D8F8557DE9}"
EndProject
Project("{9A19103F-16F7-4668-BE54-9A1E7A4F7556}") = "Lesson8_EntityFrameworkCore_CodeFirst", "Lesson8_EntityFrameworkCore_CodeFirst\Lesson8_EntityFrameworkCore_CodeFirst.csproj", "{3E71D885-4A7F-4766-84D0-8D1720C40DF6}"
EndProject
Project("{9A19103F-16F7-4668-BE54-9A1E7A4F7556}") = "Lesson9_EntityFrameworkCore_DbFirst", "Lesson9_EntityFrameworkCore_DbFirst\Lesson9_EntityFrameworkCore_DbFirst.csproj", "{BE69F807-DE2D-4C46-8F95-C9007FB9096C}"
EndProject
Project("{9A19103F-16F7-4668-BE54-9A1E7A4F7556}") = "Lesson9_EntityFrameworkCore_DbFirst_2", "Lesson9_EntityFrameworkCore_DbFirst_2\Lesson9_EntityFrameworkCore_DbFirst_2.csproj", "{463CF1ED-9F9C-40DB-BB77-8F79215DA359}"
EndProject
Project("{9A19103F-16F7-4668-BE54-9A1E7A4F7556}") = "Lesson10_EntityFrameworkCore", "Lesson10_EntityFrameworkCore\Lesson10_EntityFrameworkCore.csproj", "{9E3F10FB-C041-4C0D-930B-9A27FBCA18E5}"
EndProject
Project("{9A19103F-16F7-4668-BE54-9A1E7A4F7556}") = "Lesson11_EntityFrameworkCore", "Lesson11_EntityFrameworkCore\Lesson11_EntityFrameworkCore.csproj", "{88DF1FE7-2A9B-4492-B99C-FFA46E65A45E}"
EndProject
Project("{FAE04EC0-301F-11D3-BF4B-00C04F79EFBC}") = "Lesson11_ModelFirst", "Lesson11_ModelFirst\Lesson11_ModelFirst.csproj", "{BA429268-4EC8-470A-B276-65017047D3F7}"
EndProject
Global
	GlobalSection(SolutionConfigurationPlatforms) = preSolution
		Debug|Any CPU = Debug|Any CPU
		Release|Any CPU = Release|Any CPU
	EndGlobalSection
	GlobalSection(ProjectConfigurationPlatforms) = postSolution
		{DED60F88-9C2D-4980-A28A-CE790E9BB51C}.Debug|Any CPU.ActiveCfg = Debug|Any CPU
		{DED60F88-9C2D-4980-A28A-CE790E9BB51C}.Debug|Any CPU.Build.0 = Debug|Any CPU
		{DED60F88-9C2D-4980-A28A-CE790E9BB51C}.Release|Any CPU.ActiveCfg = Release|Any CPU
		{DED60F88-9C2D-4980-A28A-CE790E9BB51C}.Release|Any CPU.Build.0 = Release|Any CPU
		{D76799ED-07CD-468F-89EA-FBA39F0D8CBE}.Debug|Any CPU.ActiveCfg = Debug|Any CPU
		{D76799ED-07CD-468F-89EA-FBA39F0D8CBE}.Debug|Any CPU.Build.0 = Debug|Any CPU
		{D76799ED-07CD-468F-89EA-FBA39F0D8CBE}.Release|Any CPU.ActiveCfg = Release|Any CPU
		{D76799ED-07CD-468F-89EA-FBA39F0D8CBE}.Release|Any CPU.Build.0 = Release|Any CPU
		{15A3F3C3-C1F3-4401-9033-357D6B6B77BD}.Debug|Any CPU.ActiveCfg = Debug|Any CPU
		{15A3F3C3-C1F3-4401-9033-357D6B6B77BD}.Debug|Any CPU.Build.0 = Debug|Any CPU
		{15A3F3C3-C1F3-4401-9033-357D6B6B77BD}.Release|Any CPU.ActiveCfg = Release|Any CPU
		{15A3F3C3-C1F3-4401-9033-357D6B6B77BD}.Release|Any CPU.Build.0 = Release|Any CPU
		{E8D31D7C-8719-4608-8E9C-6FEFA1ADC65B}.Debug|Any CPU.ActiveCfg = Debug|Any CPU
		{E8D31D7C-8719-4608-8E9C-6FEFA1ADC65B}.Debug|Any CPU.Build.0 = Debug|Any CPU
		{E8D31D7C-8719-4608-8E9C-6FEFA1ADC65B}.Release|Any CPU.ActiveCfg = Release|Any CPU
		{E8D31D7C-8719-4608-8E9C-6FEFA1ADC65B}.Release|Any CPU.Build.0 = Release|Any CPU
		{2EE4C0D6-E069-4FA1-A66D-DD248C61F820}.Debug|Any CPU.ActiveCfg = Debug|Any CPU
		{2EE4C0D6-E069-4FA1-A66D-DD248C61F820}.Debug|Any CPU.Build.0 = Debug|Any CPU
		{2EE4C0D6-E069-4FA1-A66D-DD248C61F820}.Release|Any CPU.ActiveCfg = Release|Any CPU
		{2EE4C0D6-E069-4FA1-A66D-DD248C61F820}.Release|Any CPU.Build.0 = Release|Any CPU
		{AF016363-77E8-4103-BC20-B2123A0E203B}.Debug|Any CPU.ActiveCfg = Debug|Any CPU
		{AF016363-77E8-4103-BC20-B2123A0E203B}.Debug|Any CPU.Build.0 = Debug|Any CPU
		{AF016363-77E8-4103-BC20-B2123A0E203B}.Release|Any CPU.ActiveCfg = Release|Any CPU
		{AF016363-77E8-4103-BC20-B2123A0E203B}.Release|Any CPU.Build.0 = Release|Any CPU
		{9908F0CD-DB13-480B-896D-1581FC4A1C15}.Debug|Any CPU.ActiveCfg = Debug|Any CPU
		{9908F0CD-DB13-480B-896D-1581FC4A1C15}.Debug|Any CPU.Build.0 = Debug|Any CPU
		{9908F0CD-DB13-480B-896D-1581FC4A1C15}.Release|Any CPU.ActiveCfg = Release|Any CPU
		{9908F0CD-DB13-480B-896D-1581FC4A1C15}.Release|Any CPU.Build.0 = Release|Any CPU
		{70D789A1-38AC-4880-B348-7BC64F6631D7}.Debug|Any CPU.ActiveCfg = Debug|Any CPU
		{70D789A1-38AC-4880-B348-7BC64F6631D7}.Debug|Any CPU.Build.0 = Debug|Any CPU
		{70D789A1-38AC-4880-B348-7BC64F6631D7}.Release|Any CPU.ActiveCfg = Release|Any CPU
		{70D789A1-38AC-4880-B348-7BC64F6631D7}.Release|Any CPU.Build.0 = Release|Any CPU
		{48C43975-88A2-4AC5-8821-CE56EBB446E5}.Debug|Any CPU.ActiveCfg = Debug|Any CPU
		{48C43975-88A2-4AC5-8821-CE56EBB446E5}.Debug|Any CPU.Build.0 = Debug|Any CPU
		{48C43975-88A2-4AC5-8821-CE56EBB446E5}.Release|Any CPU.ActiveCfg = Release|Any CPU
		{48C43975-88A2-4AC5-8821-CE56EBB446E5}.Release|Any CPU.Build.0 = Release|Any CPU
		{0AC2AAC0-C2A5-4462-B7B8-60D8F8557DE9}.Debug|Any CPU.ActiveCfg = Debug|Any CPU
		{0AC2AAC0-C2A5-4462-B7B8-60D8F8557DE9}.Debug|Any CPU.Build.0 = Debug|Any CPU
		{0AC2AAC0-C2A5-4462-B7B8-60D8F8557DE9}.Release|Any CPU.ActiveCfg = Release|Any CPU
		{0AC2AAC0-C2A5-4462-B7B8-60D8F8557DE9}.Release|Any CPU.Build.0 = Release|Any CPU
		{3E71D885-4A7F-4766-84D0-8D1720C40DF6}.Debug|Any CPU.ActiveCfg = Debug|Any CPU
		{3E71D885-4A7F-4766-84D0-8D1720C40DF6}.Debug|Any CPU.Build.0 = Debug|Any CPU
		{3E71D885-4A7F-4766-84D0-8D1720C40DF6}.Release|Any CPU.ActiveCfg = Release|Any CPU
		{3E71D885-4A7F-4766-84D0-8D1720C40DF6}.Release|Any CPU.Build.0 = Release|Any CPU
		{BE69F807-DE2D-4C46-8F95-C9007FB9096C}.Debug|Any CPU.ActiveCfg = Debug|Any CPU
		{BE69F807-DE2D-4C46-8F95-C9007FB9096C}.Debug|Any CPU.Build.0 = Debug|Any CPU
		{BE69F807-DE2D-4C46-8F95-C9007FB9096C}.Release|Any CPU.ActiveCfg = Release|Any CPU
		{BE69F807-DE2D-4C46-8F95-C9007FB9096C}.Release|Any CPU.Build.0 = Release|Any CPU
		{463CF1ED-9F9C-40DB-BB77-8F79215DA359}.Debug|Any CPU.ActiveCfg = Debug|Any CPU
		{463CF1ED-9F9C-40DB-BB77-8F79215DA359}.Debug|Any CPU.Build.0 = Debug|Any CPU
		{463CF1ED-9F9C-40DB-BB77-8F79215DA359}.Release|Any CPU.ActiveCfg = Release|Any CPU
		{463CF1ED-9F9C-40DB-BB77-8F79215DA359}.Release|Any CPU.Build.0 = Release|Any CPU
		{9E3F10FB-C041-4C0D-930B-9A27FBCA18E5}.Debug|Any CPU.ActiveCfg = Debug|Any CPU
		{9E3F10FB-C041-4C0D-930B-9A27FBCA18E5}.Debug|Any CPU.Build.0 = Debug|Any CPU
		{9E3F10FB-C041-4C0D-930B-9A27FBCA18E5}.Release|Any CPU.ActiveCfg = Release|Any CPU
		{9E3F10FB-C041-4C0D-930B-9A27FBCA18E5}.Release|Any CPU.Build.0 = Release|Any CPU
		{88DF1FE7-2A9B-4492-B99C-FFA46E65A45E}.Debug|Any CPU.ActiveCfg = Debug|Any CPU
		{88DF1FE7-2A9B-4492-B99C-FFA46E65A45E}.Debug|Any CPU.Build.0 = Debug|Any CPU
		{88DF1FE7-2A9B-4492-B99C-FFA46E65A45E}.Release|Any CPU.ActiveCfg = Release|Any CPU
		{88DF1FE7-2A9B-4492-B99C-FFA46E65A45E}.Release|Any CPU.Build.0 = Release|Any CPU
		{BA429268-4EC8-470A-B276-65017047D3F7}.Debug|Any CPU.ActiveCfg = Debug|Any CPU
		{BA429268-4EC8-470A-B276-65017047D3F7}.Debug|Any CPU.Build.0 = Debug|Any CPU
		{BA429268-4EC8-470A-B276-65017047D3F7}.Release|Any CPU.ActiveCfg = Release|Any CPU
		{BA429268-4EC8-470A-B276-65017047D3F7}.Release|Any CPU.Build.0 = Release|Any CPU
	EndGlobalSection
	GlobalSection(SolutionProperties) = preSolution
		HideSolutionNode = FALSE
	EndGlobalSection
	GlobalSection(ExtensibilityGlobals) = postSolution
		SolutionGuid = {D8BDBFC7-FC8B-452C-AA18-62F7D420AC6B}
	EndGlobalSection
EndGlobal
